
Microsoft Visual Studio Solution File, Format Version 12.00
# Visual Studio Version 16
VisualStudioVersion = 16.0.33328.57
MinimumVisualStudioVersion = 10.0.40219.1
Project("{FAE04EC0-301F-11D3-BF4B-00C04F79EFBC}") = "JqueryFormvalidationsPractice", "JqueryFormvalidationsPractice\JqueryFormvalidationsPractice.csproj", "{26DC4F3A-AED4-4DE3-8313-8BB87540FFBD}"
EndProject
Global
	GlobalSection(SolutionConfigurationPlatforms) = preSolution
		Debug|Any CPU = Debug|Any CPU
		Release|Any CPU = Release|Any CPU
	EndGlobalSection
	GlobalSection(ProjectConfigurationPlatforms) = postSolution
		{26DC4F3A-AED4-4DE3-8313-8BB87540FFBD}.Debug|Any CPU.ActiveCfg = Debug|Any CPU
		{26DC4F3A-AED4-4DE3-8313-8BB87540FFBD}.Debug|Any CPU.Build.0 = Debug|Any CPU
		{26DC4F3A-AED4-4DE3-8313-8BB87540FFBD}.Release|Any CPU.ActiveCfg = Release|Any CPU
		{26DC4F3A-AED4-4DE3-8313-8BB87540FFBD}.Release|Any CPU.Build.0 = Release|Any CPU
	EndGlobalSection
	GlobalSection(SolutionProperties) = preSolution
		HideSolutionNode = FALSE
	EndGlobalSection
	GlobalSection(ExtensibilityGlobals) = postSolution
		SolutionGuid = {DE551475-3DD6-4F26-B876-A5741228152E}
	EndGlobalSection
EndGlobal
