
Microsoft Visual Studio Solution File, Format Version 12.00
# Visual Studio Version 16
VisualStudioVersion = 16.0.33328.57
MinimumVisualStudioVersion = 10.0.40219.1
Project("{FAE04EC0-301F-11D3-BF4B-00C04F79EFBC}") = "DataTypeDemo", "DataTypeDemo\DataTypeDemo.csproj", "{497F19C7-2F04-41D7-87C7-ABD4A87F4E54}"
EndProject
Project("{FAE04EC0-301F-11D3-BF4B-00C04F79EFBC}") = "StructureDemo", "StructureDemo\StructureDemo.csproj", "{6D98BCA9-36B2-413A-A7C8-788C06FE371B}"
EndProject
Global
	GlobalSection(SolutionConfigurationPlatforms) = preSolution
		Debug|Any CPU = Debug|Any CPU
		Release|Any CPU = Release|Any CPU
	EndGlobalSection
	GlobalSection(ProjectConfigurationPlatforms) = postSolution
		{497F19C7-2F04-41D7-87C7-ABD4A87F4E54}.Debug|Any CPU.ActiveCfg = Debug|Any CPU
		{497F19C7-2F04-41D7-87C7-ABD4A87F4E54}.Debug|Any CPU.Build.0 = Debug|Any CPU
		{497F19C7-2F04-41D7-87C7-ABD4A87F4E54}.Release|Any CPU.ActiveCfg = Release|Any CPU
		{497F19C7-2F04-41D7-87C7-ABD4A87F4E54}.Release|Any CPU.Build.0 = Release|Any CPU
		{6D98BCA9-36B2-413A-A7C8-788C06FE371B}.Debug|Any CPU.ActiveCfg = Debug|Any CPU
		{6D98BCA9-36B2-413A-A7C8-788C06FE371B}.Debug|Any CPU.Build.0 = Debug|Any CPU
		{6D98BCA9-36B2-413A-A7C8-788C06FE371B}.Release|Any CPU.ActiveCfg = Release|Any CPU
		{6D98BCA9-36B2-413A-A7C8-788C06FE371B}.Release|Any CPU.Build.0 = Release|Any CPU
	EndGlobalSection
	GlobalSection(SolutionProperties) = preSolution
		HideSolutionNode = FALSE
	EndGlobalSection
	GlobalSection(ExtensibilityGlobals) = postSolution
		SolutionGuid = {2FE7FA55-DF11-47EB-9080-9EB72215F432}
	EndGlobalSection
EndGlobal
