
Microsoft Visual Studio Solution File, Format Version 12.00
# Visual Studio Version 16
VisualStudioVersion = 16.0.33328.57
MinimumVisualStudioVersion = 10.0.40219.1
Project("{FAE04EC0-301F-11D3-BF4B-00C04F79EFBC}") = "CSharp6.0Features", "CSharp6.0Features\CSharp6.0Features.csproj", "{B2B10A56-4736-4109-9CB3-B01ACEC6A2B4}"
EndProject
Global
	GlobalSection(SolutionConfigurationPlatforms) = preSolution
		Debug|Any CPU = Debug|Any CPU
		Release|Any CPU = Release|Any CPU
	EndGlobalSection
	GlobalSection(ProjectConfigurationPlatforms) = postSolution
		{B2B10A56-4736-4109-9CB3-B01ACEC6A2B4}.Debug|Any CPU.ActiveCfg = Debug|Any CPU
		{B2B10A56-4736-4109-9CB3-B01ACEC6A2B4}.Debug|Any CPU.Build.0 = Debug|Any CPU
		{B2B10A56-4736-4109-9CB3-B01ACEC6A2B4}.Release|Any CPU.ActiveCfg = Release|Any CPU
		{B2B10A56-4736-4109-9CB3-B01ACEC6A2B4}.Release|Any CPU.Build.0 = Release|Any CPU
	EndGlobalSection
	GlobalSection(SolutionProperties) = preSolution
		HideSolutionNode = FALSE
	EndGlobalSection
	GlobalSection(ExtensibilityGlobals) = postSolution
		SolutionGuid = {30B2380A-F443-47D2-AAE6-2E8C5187B538}
	EndGlobalSection
EndGlobal
