
Microsoft Visual Studio Solution File, Format Version 12.00
# Visual Studio Version 16
VisualStudioVersion = 16.0.33328.57
MinimumVisualStudioVersion = 10.0.40219.1
Project("{FAE04EC0-301F-11D3-BF4B-00C04F79EFBC}") = "ArrayListDemo", "ArrayListDemo\ArrayListDemo.csproj", "{9B0E7D2C-D190-4C89-95D8-F560B5C83BCA}"
EndProject
Global
	GlobalSection(SolutionConfigurationPlatforms) = preSolution
		Debug|Any CPU = Debug|Any CPU
		Release|Any CPU = Release|Any CPU
	EndGlobalSection
	GlobalSection(ProjectConfigurationPlatforms) = postSolution
		{9B0E7D2C-D190-4C89-95D8-F560B5C83BCA}.Debug|Any CPU.ActiveCfg = Debug|Any CPU
		{9B0E7D2C-D190-4C89-95D8-F560B5C83BCA}.Debug|Any CPU.Build.0 = Debug|Any CPU
		{9B0E7D2C-D190-4C89-95D8-F560B5C83BCA}.Release|Any CPU.ActiveCfg = Release|Any CPU
		{9B0E7D2C-D190-4C89-95D8-F560B5C83BCA}.Release|Any CPU.Build.0 = Release|Any CPU
	EndGlobalSection
	GlobalSection(SolutionProperties) = preSolution
		HideSolutionNode = FALSE
	EndGlobalSection
	GlobalSection(ExtensibilityGlobals) = postSolution
		SolutionGuid = {0D6D3E15-2494-4B5D-A901-750F0EE91D68}
	EndGlobalSection
EndGlobal
