
Microsoft Visual Studio Solution File, Format Version 12.00
# Visual Studio Version 16
VisualStudioVersion = 16.0.33328.57
MinimumVisualStudioVersion = 10.0.40219.1
Project("{FAE04EC0-301F-11D3-BF4B-00C04F79EFBC}") = "IndexDemo", "IndexDemo\IndexDemo.csproj", "{C62E72A1-9EBD-497E-B76A-6D1B10EB2D38}"
EndProject
Global
	GlobalSection(SolutionConfigurationPlatforms) = preSolution
		Debug|Any CPU = Debug|Any CPU
		Release|Any CPU = Release|Any CPU
	EndGlobalSection
	GlobalSection(ProjectConfigurationPlatforms) = postSolution
		{C62E72A1-9EBD-497E-B76A-6D1B10EB2D38}.Debug|Any CPU.ActiveCfg = Debug|Any CPU
		{C62E72A1-9EBD-497E-B76A-6D1B10EB2D38}.Debug|Any CPU.Build.0 = Debug|Any CPU
		{C62E72A1-9EBD-497E-B76A-6D1B10EB2D38}.Release|Any CPU.ActiveCfg = Release|Any CPU
		{C62E72A1-9EBD-497E-B76A-6D1B10EB2D38}.Release|Any CPU.Build.0 = Release|Any CPU
	EndGlobalSection
	GlobalSection(SolutionProperties) = preSolution
		HideSolutionNode = FALSE
	EndGlobalSection
	GlobalSection(ExtensibilityGlobals) = postSolution
		SolutionGuid = {005D1F30-E2A2-4A9A-88E2-BB5792D5EFF2}
	EndGlobalSection
EndGlobal
