
Microsoft Visual Studio Solution File, Format Version 12.00
# Visual Studio Version 16
VisualStudioVersion = 16.0.33328.57
MinimumVisualStudioVersion = 10.0.40219.1
Project("{FAE04EC0-301F-11D3-BF4B-00C04F79EFBC}") = "StationaryProducts", "StationaryProducts\StationaryProducts.csproj", "{62538C16-E815-4801-8E28-857B48E10586}"
EndProject
Project("{2150E333-8FDC-42A3-9474-1A3956D46DE8}") = "Solution Items", "Solution Items", "{E5EA2DE6-9C0C-4B3A-8454-3258A3301999}"
	ProjectSection(SolutionItems) = preProject
		.editorconfig = .editorconfig
	EndProjectSection
EndProject
Global
	GlobalSection(SolutionConfigurationPlatforms) = preSolution
		Debug|Any CPU = Debug|Any CPU
		Release|Any CPU = Release|Any CPU
	EndGlobalSection
	GlobalSection(ProjectConfigurationPlatforms) = postSolution
		{62538C16-E815-4801-8E28-857B48E10586}.Debug|Any CPU.ActiveCfg = Debug|Any CPU
		{62538C16-E815-4801-8E28-857B48E10586}.Debug|Any CPU.Build.0 = Debug|Any CPU
		{62538C16-E815-4801-8E28-857B48E10586}.Release|Any CPU.ActiveCfg = Release|Any CPU
		{62538C16-E815-4801-8E28-857B48E10586}.Release|Any CPU.Build.0 = Release|Any CPU
	EndGlobalSection
	GlobalSection(SolutionProperties) = preSolution
		HideSolutionNode = FALSE
	EndGlobalSection
	GlobalSection(ExtensibilityGlobals) = postSolution
		SolutionGuid = {311EC831-15AF-4B77-8EF0-B5143F7993A0}
	EndGlobalSection
EndGlobal
